{
  "name": "buffer-base62",
  "version": "0.1.0",
  "lockfileVersion": 1,
  "requires": true,
  "dependencies": {
    "big-number": {
      "version": "1.0.0",
      "resolved": "http://registry.npm.taobao.org/big-number/download/big-number-1.0.0.tgz",
      "integrity": "sha1-oCd2B6CtsGSS0wmVRu8NVHeF3xg="
    },
    "buffer-reverse": {
      "version": "1.0.1",
      "resolved": "http://registry.npm.taobao.org/buffer-reverse/download/buffer-reverse-1.0.1.tgz",
      "integrity": "sha1-SSg8jvpvkBvAH6MwTQYCeXGuL2A="
    },
    "underscore": {
      "version": "1.9.1",
      "resolved": "http://registry.npm.taobao.org/underscore/download/underscore-1.9.1.tgz",
      "integrity": "sha1-BtzjSg5op7q8KbNluOdLiSUgOWE="
    }
  }
}
